
Microsoft Visual Studio Solution File, Format Version 12.00
# Visual Studio 2012
Project("{FAE04EC0-301F-11D3-BF4B-00C04F79EFBC}") = "Puppy.Monitoring.DucksboardPublisher", "Puppy.Monitoring.DucksboardPublisher\Puppy.Monitoring.DucksboardPublisher.csproj", "{BDC1C21E-CA81-4698-9381-FFA0471E1B3E}"
EndProject
Project("{2150E333-8FDC-42A3-9474-1A3956D46DE8}") = "Ducksboard", "Ducksboard", "{36D26743-E84C-4C6F-8B04-D6F0468B8427}"
EndProject
Project("{FAE04EC0-301F-11D3-BF4B-00C04F79EFBC}") = "Puppy.Monitoring.DucksboardPublisher.Tests", "Puppy.Monitoring.DucksboardPublisher.Tests\Puppy.Monitoring.DucksboardPublisher.Tests.csproj", "{5D8D2BAC-14CA-4911-9FE1-B1FBDE0D7CD2}"
EndProject
Project("{2150E333-8FDC-42A3-9474-1A3956D46DE8}") = "SqlServer", "SqlServer", "{06FF72EF-DD29-4349-A791-2AE804B74076}"
EndProject
Project("{FAE04EC0-301F-11D3-BF4B-00C04F79EFBC}") = "Puppy.Monitoring.SqlServerPublisher", "Puppy.Monitoring.SqlServerPublisher\Puppy.Monitoring.SqlServerPublisher.csproj", "{DB05B342-96F5-4E48-ABBF-CFDEF67B5B51}"
EndProject
Project("{FAE04EC0-301F-11D3-BF4B-00C04F79EFBC}") = "Puppy.Monitoring.SqlServerPublisher.Tests", "Puppy.Monitoring.SqlServerPublisher.Tests\Puppy.Monitoring.SqlServerPublisher.Tests.csproj", "{379E2E09-2839-40B4-B563-0831EEE4729A}"
EndProject
Global
	GlobalSection(SolutionConfigurationPlatforms) = preSolution
		Debug|Any CPU = Debug|Any CPU
		Release|Any CPU = Release|Any CPU
	EndGlobalSection
	GlobalSection(ProjectConfigurationPlatforms) = postSolution
		{BDC1C21E-CA81-4698-9381-FFA0471E1B3E}.Debug|Any CPU.ActiveCfg = Debug|Any CPU
		{BDC1C21E-CA81-4698-9381-FFA0471E1B3E}.Debug|Any CPU.Build.0 = Debug|Any CPU
		{BDC1C21E-CA81-4698-9381-FFA0471E1B3E}.Release|Any CPU.ActiveCfg = Release|Any CPU
		{BDC1C21E-CA81-4698-9381-FFA0471E1B3E}.Release|Any CPU.Build.0 = Release|Any CPU
		{5D8D2BAC-14CA-4911-9FE1-B1FBDE0D7CD2}.Debug|Any CPU.ActiveCfg = Debug|Any CPU
		{5D8D2BAC-14CA-4911-9FE1-B1FBDE0D7CD2}.Debug|Any CPU.Build.0 = Debug|Any CPU
		{5D8D2BAC-14CA-4911-9FE1-B1FBDE0D7CD2}.Release|Any CPU.ActiveCfg = Release|Any CPU
		{5D8D2BAC-14CA-4911-9FE1-B1FBDE0D7CD2}.Release|Any CPU.Build.0 = Release|Any CPU
		{DB05B342-96F5-4E48-ABBF-CFDEF67B5B51}.Debug|Any CPU.ActiveCfg = Debug|Any CPU
		{DB05B342-96F5-4E48-ABBF-CFDEF67B5B51}.Debug|Any CPU.Build.0 = Debug|Any CPU
		{DB05B342-96F5-4E48-ABBF-CFDEF67B5B51}.Release|Any CPU.ActiveCfg = Release|Any CPU
		{DB05B342-96F5-4E48-ABBF-CFDEF67B5B51}.Release|Any CPU.Build.0 = Release|Any CPU
		{379E2E09-2839-40B4-B563-0831EEE4729A}.Debug|Any CPU.ActiveCfg = Debug|Any CPU
		{379E2E09-2839-40B4-B563-0831EEE4729A}.Debug|Any CPU.Build.0 = Debug|Any CPU
		{379E2E09-2839-40B4-B563-0831EEE4729A}.Release|Any CPU.ActiveCfg = Release|Any CPU
		{379E2E09-2839-40B4-B563-0831EEE4729A}.Release|Any CPU.Build.0 = Release|Any CPU
	EndGlobalSection
	GlobalSection(SolutionProperties) = preSolution
		HideSolutionNode = FALSE
	EndGlobalSection
	GlobalSection(NestedProjects) = preSolution
		{BDC1C21E-CA81-4698-9381-FFA0471E1B3E} = {36D26743-E84C-4C6F-8B04-D6F0468B8427}
		{5D8D2BAC-14CA-4911-9FE1-B1FBDE0D7CD2} = {36D26743-E84C-4C6F-8B04-D6F0468B8427}
		{DB05B342-96F5-4E48-ABBF-CFDEF67B5B51} = {06FF72EF-DD29-4349-A791-2AE804B74076}
		{379E2E09-2839-40B4-B563-0831EEE4729A} = {06FF72EF-DD29-4349-A791-2AE804B74076}
	EndGlobalSection
EndGlobal
